{
  "name": "isovoxel",
  "lockfileVersion": 3,
  "requires": true,
  "packages": {
    "": {
      "workspaces": [
        "core",
        "sketches",
        "thick-cut",
        "ponoko-export"
      ]
    },
    "core": {
      "name": "isovoxel-core",
      "version": "0.1.0"
    },
    "node_modules/isovoxel-core": {
      "resolved": "core",
      "link": true
    },
    "node_modules/isovoxel-ponoko-export": {
      "resolved": "ponoko-export",
      "link": true
    },
    "node_modules/isovoxel-sketches": {
      "resolved": "sketches",
      "link": true
    },
    "node_modules/isovoxel-thick-cut": {
      "resolved": "thick-cut",
      "link": true
    },
    "ponoko-export": {
      "name": "isovoxel-ponoko-export",
      "version": "0.1.0"
    },
    "sketches": {
      "name": "isovoxel-sketches",
      "version": "0.1.0",
      "dependencies": {
        "isovoxel-core": "0.1.0"
      }
    },
    "thick-cut": {
      "name": "isovoxel-thick-cut",
      "version": "0.1.0"
    }
  }
}
